
Microsoft Visual Studio Solution File, Format Version 12.00
# Visual Studio Version 17
VisualStudioVersion = 17.5.33516.290
MinimumVisualStudioVersion = 10.0.40219.1
Project("{FAE04EC0-301F-11D3-BF4B-00C04F79EFBC}") = "DevelopFramework.BikeStores.Entities", "DevelopFramework.BikeStores.Entities\DevelopFramework.BikeStores.Entities.csproj", "{5E17D81E-203C-494A-BF37-DB5CD16E1E2D}"
EndProject
Project("{FAE04EC0-301F-11D3-BF4B-00C04F79EFBC}") = "DevelopFramework.BikeStores.DataAccess", "DevelopFramework.BikeStores.DataAccess\DevelopFramework.BikeStores.DataAccess.csproj", "{E4E17397-2DC0-4508-9C63-C69CE1925F32}"
EndProject
Project("{FAE04EC0-301F-11D3-BF4B-00C04F79EFBC}") = "DevelopFramework.Core", "DevelopFramework.Core\DevelopFramework.Core.csproj", "{89A0F8F7-E51C-445B-B741-73E413FAA6DB}"
EndProject
Project("{FAE04EC0-301F-11D3-BF4B-00C04F79EFBC}") = "DevelopFramework.BikeStores.MvcWebUI", "DevelopFramework.BikeStores.MvcWebUI\DevelopFramework.BikeStores.MvcWebUI.csproj", "{4726D840-B6BA-4ADC-87A9-405D0E5B2492}"
EndProject
Project("{FAE04EC0-301F-11D3-BF4B-00C04F79EFBC}") = "DevelopFramework.BikeStores.MvcWebUI.Tests", "DevelopFramework.BikeStores.MvcWebUI.Tests\DevelopFramework.BikeStores.MvcWebUI.Tests.csproj", "{BED0A74E-DB8B-4DCE-9673-4DEAE96768E3}"
EndProject
Project("{FAE04EC0-301F-11D3-BF4B-00C04F79EFBC}") = "DevelopFramework.DataAccess.Tests", "DevelopFramework.DataAccess.Tests\DevelopFramework.DataAccess.Tests.csproj", "{62C4713A-B6EE-4AE3-91CF-1F5D5E349859}"
EndProject
Project("{FAE04EC0-301F-11D3-BF4B-00C04F79EFBC}") = "DevelopFramework.BikeStores.Business.Tests", "DevelopFramework.BikeStores.Business.Tests\DevelopFramework.BikeStores.Business.Tests.csproj", "{F9C54559-4EF9-47A6-BC72-E792FA823369}"
EndProject
Project("{FAE04EC0-301F-11D3-BF4B-00C04F79EFBC}") = "DevelopFramework.BikeStores.WebApi", "DevelopFramework.BikeStores.WebApi\DevelopFramework.BikeStores.WebApi.csproj", "{E82F7E6E-F787-4540-82A1-9735CB76E397}"
EndProject
Project("{FAE04EC0-301F-11D3-BF4B-00C04F79EFBC}") = "DevelopFramewrok.BikeStores.Business", "DevelopFramewrok.BikeStores.Business\DevelopFramewrok.BikeStores.Business.csproj", "{7F623833-51BB-4C22-A81D-FAF4C5835264}"
EndProject
Global
	GlobalSection(SolutionConfigurationPlatforms) = preSolution
		Debug|Any CPU = Debug|Any CPU
		Release|Any CPU = Release|Any CPU
	EndGlobalSection
	GlobalSection(ProjectConfigurationPlatforms) = postSolution
		{5E17D81E-203C-494A-BF37-DB5CD16E1E2D}.Debug|Any CPU.ActiveCfg = Debug|Any CPU
		{5E17D81E-203C-494A-BF37-DB5CD16E1E2D}.Debug|Any CPU.Build.0 = Debug|Any CPU
		{5E17D81E-203C-494A-BF37-DB5CD16E1E2D}.Release|Any CPU.ActiveCfg = Release|Any CPU
		{5E17D81E-203C-494A-BF37-DB5CD16E1E2D}.Release|Any CPU.Build.0 = Release|Any CPU
		{E4E17397-2DC0-4508-9C63-C69CE1925F32}.Debug|Any CPU.ActiveCfg = Debug|Any CPU
		{E4E17397-2DC0-4508-9C63-C69CE1925F32}.Debug|Any CPU.Build.0 = Debug|Any CPU
		{E4E17397-2DC0-4508-9C63-C69CE1925F32}.Release|Any CPU.ActiveCfg = Release|Any CPU
		{E4E17397-2DC0-4508-9C63-C69CE1925F32}.Release|Any CPU.Build.0 = Release|Any CPU
		{89A0F8F7-E51C-445B-B741-73E413FAA6DB}.Debug|Any CPU.ActiveCfg = Debug|Any CPU
		{89A0F8F7-E51C-445B-B741-73E413FAA6DB}.Debug|Any CPU.Build.0 = Debug|Any CPU
		{89A0F8F7-E51C-445B-B741-73E413FAA6DB}.Release|Any CPU.ActiveCfg = Release|Any CPU
		{89A0F8F7-E51C-445B-B741-73E413FAA6DB}.Release|Any CPU.Build.0 = Release|Any CPU
		{4726D840-B6BA-4ADC-87A9-405D0E5B2492}.Debug|Any CPU.ActiveCfg = Debug|Any CPU
		{4726D840-B6BA-4ADC-87A9-405D0E5B2492}.Debug|Any CPU.Build.0 = Debug|Any CPU
		{4726D840-B6BA-4ADC-87A9-405D0E5B2492}.Release|Any CPU.ActiveCfg = Release|Any CPU
		{4726D840-B6BA-4ADC-87A9-405D0E5B2492}.Release|Any CPU.Build.0 = Release|Any CPU
		{BED0A74E-DB8B-4DCE-9673-4DEAE96768E3}.Debug|Any CPU.ActiveCfg = Debug|Any CPU
		{BED0A74E-DB8B-4DCE-9673-4DEAE96768E3}.Debug|Any CPU.Build.0 = Debug|Any CPU
		{BED0A74E-DB8B-4DCE-9673-4DEAE96768E3}.Release|Any CPU.ActiveCfg = Release|Any CPU
		{BED0A74E-DB8B-4DCE-9673-4DEAE96768E3}.Release|Any CPU.Build.0 = Release|Any CPU
		{62C4713A-B6EE-4AE3-91CF-1F5D5E349859}.Debug|Any CPU.ActiveCfg = Debug|Any CPU
		{62C4713A-B6EE-4AE3-91CF-1F5D5E349859}.Debug|Any CPU.Build.0 = Debug|Any CPU
		{62C4713A-B6EE-4AE3-91CF-1F5D5E349859}.Release|Any CPU.ActiveCfg = Release|Any CPU
		{62C4713A-B6EE-4AE3-91CF-1F5D5E349859}.Release|Any CPU.Build.0 = Release|Any CPU
		{F9C54559-4EF9-47A6-BC72-E792FA823369}.Debug|Any CPU.ActiveCfg = Debug|Any CPU
		{F9C54559-4EF9-47A6-BC72-E792FA823369}.Debug|Any CPU.Build.0 = Debug|Any CPU
		{F9C54559-4EF9-47A6-BC72-E792FA823369}.Release|Any CPU.ActiveCfg = Release|Any CPU
		{F9C54559-4EF9-47A6-BC72-E792FA823369}.Release|Any CPU.Build.0 = Release|Any CPU
		{E82F7E6E-F787-4540-82A1-9735CB76E397}.Debug|Any CPU.ActiveCfg = Debug|Any CPU
		{E82F7E6E-F787-4540-82A1-9735CB76E397}.Debug|Any CPU.Build.0 = Debug|Any CPU
		{E82F7E6E-F787-4540-82A1-9735CB76E397}.Release|Any CPU.ActiveCfg = Release|Any CPU
		{E82F7E6E-F787-4540-82A1-9735CB76E397}.Release|Any CPU.Build.0 = Release|Any CPU
		{7F623833-51BB-4C22-A81D-FAF4C5835264}.Debug|Any CPU.ActiveCfg = Debug|Any CPU
		{7F623833-51BB-4C22-A81D-FAF4C5835264}.Debug|Any CPU.Build.0 = Debug|Any CPU
		{7F623833-51BB-4C22-A81D-FAF4C5835264}.Release|Any CPU.ActiveCfg = Release|Any CPU
		{7F623833-51BB-4C22-A81D-FAF4C5835264}.Release|Any CPU.Build.0 = Release|Any CPU
	EndGlobalSection
	GlobalSection(SolutionProperties) = preSolution
		HideSolutionNode = FALSE
	EndGlobalSection
	GlobalSection(ExtensibilityGlobals) = postSolution
		SolutionGuid = {75EE0A25-62BF-45F0-9CA4-0A403C76C69B}
	EndGlobalSection
EndGlobal
