
Microsoft Visual Studio Solution File, Format Version 12.00
# Visual Studio Version 17
VisualStudioVersion = 17.5.33516.290
MinimumVisualStudioVersion = 10.0.40219.1
Project("{9A19103F-16F7-4668-BE54-9A1E7A4F7556}") = "DevelopFramework.Core", "DevelopFramework.Core\DevelopFramework.Core.csproj", "{F4D98886-4E78-4676-8A7E-525F1F6B7F75}"
EndProject
Project("{9A19103F-16F7-4668-BE54-9A1E7A4F7556}") = "DevelopFramework.BikeStores.Entities", "DevelopFramework.BikeStores.Entities\DevelopFramework.BikeStores.Entities.csproj", "{CA5BC1F8-A686-4C7E-AB63-CFEF97A2DE9E}"
EndProject
Project("{9A19103F-16F7-4668-BE54-9A1E7A4F7556}") = "DevelopFramework.BikeStores.DataAccess", "DevelopFramework.BikeStores.DataAccess\DevelopFramework.BikeStores.DataAccess.csproj", "{BBB033B2-BD0C-40EA-9B3C-780F13C3F8D6}"
EndProject
Project("{9A19103F-16F7-4668-BE54-9A1E7A4F7556}") = "DevelopFramework.BikeStores.Business", "DevelopFramework.BikeStores.Business\DevelopFramework.BikeStores.Business.csproj", "{6D956A9D-7C64-4BB2-9F59-046F38CB14F2}"
EndProject
Project("{FAE04EC0-301F-11D3-BF4B-00C04F79EFBC}") = "DevelopFramework.BikeStores.MvcWebUI", "DevelopFramework.BikeStores.MvcWebUI\DevelopFramework.BikeStores.MvcWebUI.csproj", "{A726409D-92A2-4073-A96E-8324D5CCA2BD}"
EndProject
Project("{FAE04EC0-301F-11D3-BF4B-00C04F79EFBC}") = "DevelopFramework.BikeStores.MvcWebUI.Tests", "DevelopFramework.BikeStores.MvcWebUI.Tests\DevelopFramework.BikeStores.MvcWebUI.Tests.csproj", "{BECAB584-33FD-4B31-8B1E-0EA2928DB55A}"
EndProject
Project("{FAE04EC0-301F-11D3-BF4B-00C04F79EFBC}") = "DevelopFramework.DataAccess.Tests", "DevelopFramework.DataAccess.Tests\DevelopFramework.DataAccess.Tests.csproj", "{62EDB074-E213-4C59-A6D4-6403BE4EBFC5}"
EndProject
Global
	GlobalSection(SolutionConfigurationPlatforms) = preSolution
		Debug|Any CPU = Debug|Any CPU
		Release|Any CPU = Release|Any CPU
	EndGlobalSection
	GlobalSection(ProjectConfigurationPlatforms) = postSolution
		{F4D98886-4E78-4676-8A7E-525F1F6B7F75}.Debug|Any CPU.ActiveCfg = Debug|Any CPU
		{F4D98886-4E78-4676-8A7E-525F1F6B7F75}.Debug|Any CPU.Build.0 = Debug|Any CPU
		{F4D98886-4E78-4676-8A7E-525F1F6B7F75}.Release|Any CPU.ActiveCfg = Release|Any CPU
		{F4D98886-4E78-4676-8A7E-525F1F6B7F75}.Release|Any CPU.Build.0 = Release|Any CPU
		{CA5BC1F8-A686-4C7E-AB63-CFEF97A2DE9E}.Debug|Any CPU.ActiveCfg = Debug|Any CPU
		{CA5BC1F8-A686-4C7E-AB63-CFEF97A2DE9E}.Debug|Any CPU.Build.0 = Debug|Any CPU
		{CA5BC1F8-A686-4C7E-AB63-CFEF97A2DE9E}.Release|Any CPU.ActiveCfg = Release|Any CPU
		{CA5BC1F8-A686-4C7E-AB63-CFEF97A2DE9E}.Release|Any CPU.Build.0 = Release|Any CPU
		{BBB033B2-BD0C-40EA-9B3C-780F13C3F8D6}.Debug|Any CPU.ActiveCfg = Debug|Any CPU
		{BBB033B2-BD0C-40EA-9B3C-780F13C3F8D6}.Debug|Any CPU.Build.0 = Debug|Any CPU
		{BBB033B2-BD0C-40EA-9B3C-780F13C3F8D6}.Release|Any CPU.ActiveCfg = Release|Any CPU
		{BBB033B2-BD0C-40EA-9B3C-780F13C3F8D6}.Release|Any CPU.Build.0 = Release|Any CPU
		{6D956A9D-7C64-4BB2-9F59-046F38CB14F2}.Debug|Any CPU.ActiveCfg = Debug|Any CPU
		{6D956A9D-7C64-4BB2-9F59-046F38CB14F2}.Debug|Any CPU.Build.0 = Debug|Any CPU
		{6D956A9D-7C64-4BB2-9F59-046F38CB14F2}.Release|Any CPU.ActiveCfg = Release|Any CPU
		{6D956A9D-7C64-4BB2-9F59-046F38CB14F2}.Release|Any CPU.Build.0 = Release|Any CPU
		{A726409D-92A2-4073-A96E-8324D5CCA2BD}.Debug|Any CPU.ActiveCfg = Debug|Any CPU
		{A726409D-92A2-4073-A96E-8324D5CCA2BD}.Debug|Any CPU.Build.0 = Debug|Any CPU
		{A726409D-92A2-4073-A96E-8324D5CCA2BD}.Release|Any CPU.ActiveCfg = Release|Any CPU
		{A726409D-92A2-4073-A96E-8324D5CCA2BD}.Release|Any CPU.Build.0 = Release|Any CPU
		{BECAB584-33FD-4B31-8B1E-0EA2928DB55A}.Debug|Any CPU.ActiveCfg = Debug|Any CPU
		{BECAB584-33FD-4B31-8B1E-0EA2928DB55A}.Debug|Any CPU.Build.0 = Debug|Any CPU
		{BECAB584-33FD-4B31-8B1E-0EA2928DB55A}.Release|Any CPU.ActiveCfg = Release|Any CPU
		{BECAB584-33FD-4B31-8B1E-0EA2928DB55A}.Release|Any CPU.Build.0 = Release|Any CPU
		{62EDB074-E213-4C59-A6D4-6403BE4EBFC5}.Debug|Any CPU.ActiveCfg = Debug|Any CPU
		{62EDB074-E213-4C59-A6D4-6403BE4EBFC5}.Debug|Any CPU.Build.0 = Debug|Any CPU
		{62EDB074-E213-4C59-A6D4-6403BE4EBFC5}.Release|Any CPU.ActiveCfg = Release|Any CPU
		{62EDB074-E213-4C59-A6D4-6403BE4EBFC5}.Release|Any CPU.Build.0 = Release|Any CPU
	EndGlobalSection
	GlobalSection(SolutionProperties) = preSolution
		HideSolutionNode = FALSE
	EndGlobalSection
	GlobalSection(ExtensibilityGlobals) = postSolution
		SolutionGuid = {75EE0A25-62BF-45F0-9CA4-0A403C76C69B}
	EndGlobalSection
EndGlobal
